
Microsoft Visual Studio Solution File, Format Version 12.00
# Visual Studio Version 17
VisualStudioVersion = 17.8.34309.116
MinimumVisualStudioVersion = 10.0.40219.1
Project("{FAE04EC0-301F-11D3-BF4B-00C04F79EFBC}") = "DotNetCourseAPI", "DotNetCourseAPI\DotNetCourseAPI.csproj", "{F5E9EF66-A5DB-4D56-AF69-BEBFD1CF6425}"
EndProject
Global
	GlobalSection(SolutionConfigurationPlatforms) = preSolution
		Debug|Any CPU = Debug|Any CPU
		Release|Any CPU = Release|Any CPU
	EndGlobalSection
	GlobalSection(ProjectConfigurationPlatforms) = postSolution
		{F5E9EF66-A5DB-4D56-AF69-BEBFD1CF6425}.Debug|Any CPU.ActiveCfg = Debug|Any CPU
		{F5E9EF66-A5DB-4D56-AF69-BEBFD1CF6425}.Debug|Any CPU.Build.0 = Debug|Any CPU
		{F5E9EF66-A5DB-4D56-AF69-BEBFD1CF6425}.Release|Any CPU.ActiveCfg = Release|Any CPU
		{F5E9EF66-A5DB-4D56-AF69-BEBFD1CF6425}.Release|Any CPU.Build.0 = Release|Any CPU
	EndGlobalSection
	GlobalSection(SolutionProperties) = preSolution
		HideSolutionNode = FALSE
	EndGlobalSection
	GlobalSection(ExtensibilityGlobals) = postSolution
		SolutionGuid = {FC57FB3E-B5F6-40FB-824B-5C24CEE573E2}
	EndGlobalSection
EndGlobal
